# This file is automatically @generated by Poetry 1.8.3 and should not be changed by hand.

[[package]]
name = "anyio"
version = "4.13.0"
description = "High-level concurrency and networking framework on top of asyncio or Trio"
optional = false
python-versions = ">=3.10"
files = [
    {file = "anyio-4.13.0-py3-none-any.whl", hash = "sha256:08b310f9e24a9594186fd75b4f73f4a4152069e3853f1ed8bfbf58369f4ad708"},
    {file = "anyio-4.13.0.tar.gz", hash = "sha256:334b70e641fd2221c1505b3890c69882fe4a2df910cba14d97019b90b24439dc"},
]

[package.dependencies]
idna = ">=2.8"
typing_extensions = {version = ">=4.5", markers = "python_version < \"3.13\""}

[package.extras]
trio = ["trio (>=0.32.0)"]

[[package]]
name = "certifi"
version = "2026.2.25"
description = "Python package for providing Mozilla's CA Bundle."
optional = false
python-versions = ">=3.7"
files = [
    {file = "certifi-2026.2.25-py3-none-any.whl", hash = "sha256:027692e4402ad994f1c42e52a4997a9763c646b73e4096e4d5d6db8af1d6f0fa"},
    {file = "certifi-2026.2.25.tar.gz", hash = "sha256:e887ab5cee78ea814d3472169153c2d12cd43b14bd03329a39a9c6e2e80bfba7"},
]

[[package]]
name = "elastic-transport"
version = "9.2.1"
description = "Transport classes and utilities shared among Python Elastic client libraries"
optional = false
python-versions = ">=3.10"
files = [
    {file = "elastic_transport-9.2.1-py3-none-any.whl", hash = "sha256:39e1a25e486af34ce7aa1bc9005d1c736f1b6fb04c9b64ea0604ded5a61fc1d4"},
    {file = "elastic_transport-9.2.1.tar.gz", hash = "sha256:97d9abd638ba8aa90faa4ca1bf1a18bde0fe2088fbc8757f2eb7b299f205773d"},
]

[package.dependencies]
certifi = "*"
sniffio = "*"
urllib3 = ">=1.26.2,<3"

[package.extras]
develop = ["aiohttp", "anyio", "furo", "httpx", "opentelemetry-api", "opentelemetry-sdk", "orjson", "pytest", "pytest-asyncio", "pytest-cov", "pytest-httpbin", "pytest-httpserver", "pytest-mock", "requests", "respx", "sphinx (>2)", "sphinx-autodoc-typehints", "trio", "trustme"]

[[package]]
name = "elasticsearch"
version = "9.3.0"
description = "Python client for Elasticsearch"
optional = false
python-versions = ">=3.10"
files = [
    {file = "elasticsearch-9.3.0-py3-none-any.whl", hash = "sha256:67bd2bb4f0800f58c2847d29cd57d6e7bf5bc273483b4f17421f93e75ba09f39"},
    {file = "elasticsearch-9.3.0.tar.gz", hash = "sha256:f76e149c0a22d5ccbba58bdc30c9f51cf894231b359ef4fd7e839b558b59f856"},
]

[package.dependencies]
anyio = "*"
elastic-transport = ">=9.2.0,<10"
python-dateutil = "*"
sniffio = "*"
typing-extensions = "*"

[package.extras]
async = ["aiohttp (>=3,<4)"]
dev = ["aiohttp", "black", "build", "coverage", "httpx", "isort", "jinja2", "mapbox-vector-tile", "mypy", "nox", "numpy", "orjson", "pandas", "pyarrow", "pydantic", "pyright", "pytest", "pytest-asyncio", "pytest-cov", "pytest-mock", "python-dateutil", "pyyaml (>=5.4)", "requests (>=2,<3)", "simsimd", "tqdm", "trio", "twine", "types-python-dateutil", "types-tqdm", "unasync"]
docs = ["sphinx", "sphinx-autodoc-typehints", "sphinx-rtd-theme (>=2.0)"]
orjson = ["orjson (>=3)"]
pyarrow = ["pyarrow (>=1)"]
requests = ["requests (>=2.4.0,!=2.32.2,<3.0.0)"]
vectorstore-mmr = ["numpy (>=1)", "simsimd (>=3)"]

[[package]]
name = "idna"
version = "3.11"
description = "Internationalized Domain Names in Applications (IDNA)"
optional = false
python-versions = ">=3.8"
files = [
    {file = "idna-3.11-py3-none-any.whl", hash = "sha256:771a87f49d9defaf64091e6e6fe9c18d4833f140bd19464795bc32d966ca37ea"},
    {file = "idna-3.11.tar.gz", hash = "sha256:795dafcc9c04ed0c1fb032c2aa73654d8e8c5023a7df64a53f39190ada629902"},
]

[package.extras]
all = ["flake8 (>=7.1.1)", "mypy (>=1.11.2)", "pytest (>=8.3.2)", "ruff (>=0.6.2)"]

[[package]]
name = "python-dateutil"
version = "2.9.0.post0"
description = "Extensions to the standard Python datetime module"
optional = false
python-versions = "!=3.0.*,!=3.1.*,!=3.2.*,>=2.7"
files = [
    {file = "python-dateutil-2.9.0.post0.tar.gz", hash = "sha256:37dd54208da7e1cd875388217d5e00ebd4179249f90fb72437e91a35459a0ad3"},
    {file = "python_dateutil-2.9.0.post0-py2.py3-none-any.whl", hash = "sha256:a8b2bc7bffae282281c8140a97d3aa9c14da0b136dfe83f850eea9a5f7470427"},
]

[package.dependencies]
six = ">=1.5"

[[package]]
name = "six"
version = "1.17.0"
description = "Python 2 and 3 compatibility utilities"
optional = false
python-versions = "!=3.0.*,!=3.1.*,!=3.2.*,>=2.7"
files = [
    {file = "six-1.17.0-py2.py3-none-any.whl", hash = "sha256:4721f391ed90541fddacab5acf947aa0d3dc7d27b2e1e8eda2be8970586c3274"},
    {file = "six-1.17.0.tar.gz", hash = "sha256:ff70335d468e7eb6ec65b95b99d3a2836546063f63acc5171de367e834932a81"},
]

[[package]]
name = "sniffio"
version = "1.3.1"
description = "Sniff out which async library your code is running under"
optional = false
python-versions = ">=3.7"
files = [
    {file = "sniffio-1.3.1-py3-none-any.whl", hash = "sha256:2f6da418d1f1e0fddd844478f41680e794e6051915791a034ff65e5f100525a2"},
    {file = "sniffio-1.3.1.tar.gz", hash = "sha256:f4324edc670a0f49750a81b895f35c3adb843cca46f0530f79fc1babb23789dc"},
]

[[package]]
name = "typing-extensions"
version = "4.15.0"
description = "Backported and Experimental Type Hints for Python 3.9+"
optional = false
python-versions = ">=3.9"
files = [
    {file = "typing_extensions-4.15.0-py3-none-any.whl", hash = "sha256:f0fa19c6845758ab08074a0cfa8b7aecb71c999ca73d62883bc25cc018c4e548"},
    {file = "typing_extensions-4.15.0.tar.gz", hash = "sha256:0cea48d173cc12fa28ecabc3b837ea3cf6f38c6d1136f85cbaaf598984861466"},
]

[[package]]
name = "urllib3"
version = "2.6.3"
description = "HTTP library with thread-safe connection pooling, file post, and more."
optional = false
python-versions = ">=3.9"
files = [
    {file = "urllib3-2.6.3-py3-none-any.whl", hash = "sha256:bf272323e553dfb2e87d9bfd225ca7b0f467b919d7bbd355436d3fd37cb0acd4"},
    {file = "urllib3-2.6.3.tar.gz", hash = "sha256:1b62b6884944a57dbe321509ab94fd4d3b307075e0c2eae991ac71ee15ad38ed"},
]

[package.extras]
brotli = ["brotli (>=1.2.0)", "brotlicffi (>=1.2.0.0)"]
h2 = ["h2 (>=4,<5)"]
socks = ["pysocks (>=1.5.6,!=1.5.7,<2.0)"]
zstd = ["backports-zstd (>=1.0.0)"]

[metadata]
lock-version = "2.0"
python-versions = "^3.12"
content-hash = "a572cf6346c199b4be9c2a3c97a7277145d9fadaf814d30db29c958ef3661bc7"
